
Microsoft Visual Studio Solution File, Format Version 12.00
# Visual Studio Version 17
VisualStudioVersion = 17.2.32602.215
MinimumVisualStudioVersion = 10.0.40219.1
Project("{FAE04EC0-301F-11D3-BF4B-00C04F79EFBC}") = "HotelListing.API", "HotelListing.API\HotelListing.API.csproj", "{FFE62FE4-D2E4-4985-87F3-61EF0F8D804E}"
EndProject
Global
	GlobalSection(SolutionConfigurationPlatforms) = preSolution
		Debug|Any CPU = Debug|Any CPU
		Release|Any CPU = Release|Any CPU
	EndGlobalSection
	GlobalSection(ProjectConfigurationPlatforms) = postSolution
		{FFE62FE4-D2E4-4985-87F3-61EF0F8D804E}.Debug|Any CPU.ActiveCfg = Debug|Any CPU
		{FFE62FE4-D2E4-4985-87F3-61EF0F8D804E}.Debug|Any CPU.Build.0 = Debug|Any CPU
		{FFE62FE4-D2E4-4985-87F3-61EF0F8D804E}.Release|Any CPU.ActiveCfg = Release|Any CPU
		{FFE62FE4-D2E4-4985-87F3-61EF0F8D804E}.Release|Any CPU.Build.0 = Release|Any CPU
	EndGlobalSection
	GlobalSection(SolutionProperties) = preSolution
		HideSolutionNode = FALSE
	EndGlobalSection
	GlobalSection(ExtensibilityGlobals) = postSolution
		SolutionGuid = {250B8BDF-D3B8-4692-AD30-2DC12194B95E}
	EndGlobalSection
EndGlobal
